
Microsoft Visual Studio Solution File, Format Version 12.00
# Visual Studio Version 16
VisualStudioVersion = 16.0.31025.194
MinimumVisualStudioVersion = 10.0.40219.1
Project("{FAE04EC0-301F-11D3-BF4B-00C04F79EFBC}") = "sbfunc1", "sbfunc1\sbfunc1.csproj", "{6E3B8D20-8AF6-471D-8625-154D4BF1ACDC}"
EndProject
Global
	GlobalSection(SolutionConfigurationPlatforms) = preSolution
		Debug|Any CPU = Debug|Any CPU
		Release|Any CPU = Release|Any CPU
	EndGlobalSection
	GlobalSection(ProjectConfigurationPlatforms) = postSolution
		{6E3B8D20-8AF6-471D-8625-154D4BF1ACDC}.Debug|Any CPU.ActiveCfg = Debug|Any CPU
		{6E3B8D20-8AF6-471D-8625-154D4BF1ACDC}.Debug|Any CPU.Build.0 = Debug|Any CPU
		{6E3B8D20-8AF6-471D-8625-154D4BF1ACDC}.Release|Any CPU.ActiveCfg = Release|Any CPU
		{6E3B8D20-8AF6-471D-8625-154D4BF1ACDC}.Release|Any CPU.Build.0 = Release|Any CPU
	EndGlobalSection
	GlobalSection(SolutionProperties) = preSolution
		HideSolutionNode = FALSE
	EndGlobalSection
	GlobalSection(ExtensibilityGlobals) = postSolution
		SolutionGuid = {C863D96D-7C7E-47B0-BBE1-6B4DBE167C75}
	EndGlobalSection
EndGlobal
